
Microsoft Visual Studio Solution File, Format Version 12.00
# Visual Studio Version 17
VisualStudioVersion = 17.0.31903.59
MinimumVisualStudioVersion = 10.0.40219.1
Project("{9A19103F-16F7-4668-BE54-9A1E7A4F7556}") = "TheGameOfLife", "TheGameOfLife\TheGameOfLife.csproj", "{00EC576A-E2F0-4EDF-A4F4-AAFE20B507D1}"
EndProject
Project("{9A19103F-16F7-4668-BE54-9A1E7A4F7556}") = "TheGameOfLife.Core", "TheGameOfLife.Core\TheGameOfLife.Core.csproj", "{3AA81EC3-B953-4605-B615-D2FC91B51980}"
EndProject
Project("{9A19103F-16F7-4668-BE54-9A1E7A4F7556}") = "TheGameOfLife.Tests", "TheGameOfLife.Tests\TheGameOfLife.Tests.csproj", "{534CE0D4-E4E6-4748-8492-1E18E48E20AB}"
EndProject
Global
	GlobalSection(SolutionConfigurationPlatforms) = preSolution
		Debug|Any CPU = Debug|Any CPU
		Release|Any CPU = Release|Any CPU
	EndGlobalSection
	GlobalSection(ProjectConfigurationPlatforms) = postSolution
		{00EC576A-E2F0-4EDF-A4F4-AAFE20B507D1}.Debug|Any CPU.ActiveCfg = Debug|Any CPU
		{00EC576A-E2F0-4EDF-A4F4-AAFE20B507D1}.Debug|Any CPU.Build.0 = Debug|Any CPU
		{00EC576A-E2F0-4EDF-A4F4-AAFE20B507D1}.Release|Any CPU.ActiveCfg = Release|Any CPU
		{00EC576A-E2F0-4EDF-A4F4-AAFE20B507D1}.Release|Any CPU.Build.0 = Release|Any CPU
		{3AA81EC3-B953-4605-B615-D2FC91B51980}.Debug|Any CPU.ActiveCfg = Debug|Any CPU
		{3AA81EC3-B953-4605-B615-D2FC91B51980}.Debug|Any CPU.Build.0 = Debug|Any CPU
		{3AA81EC3-B953-4605-B615-D2FC91B51980}.Release|Any CPU.ActiveCfg = Release|Any CPU
		{3AA81EC3-B953-4605-B615-D2FC91B51980}.Release|Any CPU.Build.0 = Release|Any CPU
		{534CE0D4-E4E6-4748-8492-1E18E48E20AB}.Debug|Any CPU.ActiveCfg = Debug|Any CPU
		{534CE0D4-E4E6-4748-8492-1E18E48E20AB}.Debug|Any CPU.Build.0 = Debug|Any CPU
		{534CE0D4-E4E6-4748-8492-1E18E48E20AB}.Release|Any CPU.ActiveCfg = Release|Any CPU
		{534CE0D4-E4E6-4748-8492-1E18E48E20AB}.Release|Any CPU.Build.0 = Release|Any CPU
	EndGlobalSection
	GlobalSection(SolutionProperties) = preSolution
		HideSolutionNode = FALSE
	EndGlobalSection
	GlobalSection(ExtensibilityGlobals) = postSolution
		SolutionGuid = {01038AEB-C90E-4E22-8FD9-624F921F19AC}
	EndGlobalSection
EndGlobal
